
Microsoft Visual Studio Solution File, Format Version 12.00
# Visual Studio Version 17
VisualStudioVersion = 17.3.32519.111
MinimumVisualStudioVersion = 10.0.40219.1
Project("{9A19103F-16F7-4668-BE54-9A1E7A4F7556}") = "Ipcam", "Ipcam.csproj", "{125C31CB-9610-49B6-BF40-FCC2FFB20CCC}"
EndProject
Global
	GlobalSection(SolutionConfigurationPlatforms) = preSolution
		Debug|Any CPU = Debug|Any CPU
		Release|Any CPU = Release|Any CPU
	EndGlobalSection
	GlobalSection(ProjectConfigurationPlatforms) = postSolution
		{125C31CB-9610-49B6-BF40-FCC2FFB20CCC}.Debug|Any CPU.ActiveCfg = Debug|Any CPU
		{125C31CB-9610-49B6-BF40-FCC2FFB20CCC}.Debug|Any CPU.Build.0 = Debug|Any CPU
		{125C31CB-9610-49B6-BF40-FCC2FFB20CCC}.Release|Any CPU.ActiveCfg = Release|Any CPU
		{125C31CB-9610-49B6-BF40-FCC2FFB20CCC}.Release|Any CPU.Build.0 = Release|Any CPU
	EndGlobalSection
	GlobalSection(SolutionProperties) = preSolution
		HideSolutionNode = FALSE
	EndGlobalSection
	GlobalSection(ExtensibilityGlobals) = postSolution
		SolutionGuid = {17F3E849-69BB-4800-936E-C2752B8F241D}
	EndGlobalSection
EndGlobal
